
Microsoft Visual Studio Solution File, Format Version 12.00
# Visual Studio Version 16
VisualStudioVersion = 16.0.30320.27
MinimumVisualStudioVersion = 10.0.40219.1
Project("{FAE04EC0-301F-11D3-BF4B-00C04F79EFBC}") = "MvcMovie", "MvcMovie.csproj", "{1D39A31C-8C18-4FC1-AB99-40A8B4C70035}"
EndProject
Global
	GlobalSection(SolutionConfigurationPlatforms) = preSolution
		Debug|Any CPU = Debug|Any CPU
		Release|Any CPU = Release|Any CPU
	EndGlobalSection
	GlobalSection(ProjectConfigurationPlatforms) = postSolution
		{1D39A31C-8C18-4FC1-AB99-40A8B4C70035}.Debug|Any CPU.ActiveCfg = Debug|Any CPU
		{1D39A31C-8C18-4FC1-AB99-40A8B4C70035}.Debug|Any CPU.Build.0 = Debug|Any CPU
		{1D39A31C-8C18-4FC1-AB99-40A8B4C70035}.Release|Any CPU.ActiveCfg = Release|Any CPU
		{1D39A31C-8C18-4FC1-AB99-40A8B4C70035}.Release|Any CPU.Build.0 = Release|Any CPU
	EndGlobalSection
	GlobalSection(SolutionProperties) = preSolution
		HideSolutionNode = FALSE
	EndGlobalSection
	GlobalSection(ExtensibilityGlobals) = postSolution
		SolutionGuid = {F4DA7640-683D-4257-9A74-7273984442CA}
	EndGlobalSection
EndGlobal
